
Microsoft Visual Studio Solution File, Format Version 12.00
# Visual Studio Version 17
VisualStudioVersion = 17.4.33122.133
MinimumVisualStudioVersion = 10.0.40219.1
Project("{9A19103F-16F7-4668-BE54-9A1E7A4F7556}") = "PensionManagementUserLoginService", "PensionManagementUserLoginService\PensionManagementUserLoginService.csproj", "{A1AC5F74-5EB7-4F9B-B641-C93225F97DFE}"
EndProject
Project("{9A19103F-16F7-4668-BE54-9A1E7A4F7556}") = "PensionManagementBankingService", "PensionManagementBankingService\PensionManagementBankingService.csproj", "{B1AFD4EF-C554-43EF-A9DF-269B20DD52F8}"
EndProject
Project("{9A19103F-16F7-4668-BE54-9A1E7A4F7556}") = "PensionManagementPensionerService", "PensionManagementPensionerService\PensionManagementPensionerService.csproj", "{93AF0528-AF40-450A-9517-8E96A8ECF5A2}"
EndProject
Global
	GlobalSection(SolutionConfigurationPlatforms) = preSolution
		Debug|Any CPU = Debug|Any CPU
		Release|Any CPU = Release|Any CPU
	EndGlobalSection
	GlobalSection(ProjectConfigurationPlatforms) = postSolution
		{A1AC5F74-5EB7-4F9B-B641-C93225F97DFE}.Debug|Any CPU.ActiveCfg = Debug|Any CPU
		{A1AC5F74-5EB7-4F9B-B641-C93225F97DFE}.Debug|Any CPU.Build.0 = Debug|Any CPU
		{A1AC5F74-5EB7-4F9B-B641-C93225F97DFE}.Release|Any CPU.ActiveCfg = Release|Any CPU
		{A1AC5F74-5EB7-4F9B-B641-C93225F97DFE}.Release|Any CPU.Build.0 = Release|Any CPU
		{B1AFD4EF-C554-43EF-A9DF-269B20DD52F8}.Debug|Any CPU.ActiveCfg = Debug|Any CPU
		{B1AFD4EF-C554-43EF-A9DF-269B20DD52F8}.Debug|Any CPU.Build.0 = Debug|Any CPU
		{B1AFD4EF-C554-43EF-A9DF-269B20DD52F8}.Release|Any CPU.ActiveCfg = Release|Any CPU
		{B1AFD4EF-C554-43EF-A9DF-269B20DD52F8}.Release|Any CPU.Build.0 = Release|Any CPU
		{93AF0528-AF40-450A-9517-8E96A8ECF5A2}.Debug|Any CPU.ActiveCfg = Debug|Any CPU
		{93AF0528-AF40-450A-9517-8E96A8ECF5A2}.Debug|Any CPU.Build.0 = Debug|Any CPU
		{93AF0528-AF40-450A-9517-8E96A8ECF5A2}.Release|Any CPU.ActiveCfg = Release|Any CPU
		{93AF0528-AF40-450A-9517-8E96A8ECF5A2}.Release|Any CPU.Build.0 = Release|Any CPU
	EndGlobalSection
	GlobalSection(SolutionProperties) = preSolution
		HideSolutionNode = FALSE
	EndGlobalSection
	GlobalSection(ExtensibilityGlobals) = postSolution
		SolutionGuid = {F4204D94-91D2-46BA-8D6F-73B9EF9024E7}
	EndGlobalSection
EndGlobal
